
Microsoft Visual Studio Solution File, Format Version 12.00
# Visual Studio Version 16
VisualStudioVersion = 16.0.30204.135
MinimumVisualStudioVersion = 10.0.40219.1
Project("{ACA99D24-2A4B-4C16-9E92-13D6ABC4AC35}") = "Setup1", "Setup1\Setup1.isproj", "{2B05F0E9-80B7-46FB-AF3E-E1E8FC290103}"
EndProject
Global
	GlobalSection(SolutionConfigurationPlatforms) = preSolution
		CD_ROM|Default = CD_ROM|Default
		Custom|Default = Custom|Default
		DVD-10|Default = DVD-10|Default
		DVD-18|Default = DVD-18|Default
		DVD-5|Default = DVD-5|Default
		DVD-9|Default = DVD-9|Default
		SingleImage|Default = SingleImage|Default
		WebDeployment|Default = WebDeployment|Default
	EndGlobalSection
	GlobalSection(ProjectConfigurationPlatforms) = postSolution
		{2B05F0E9-80B7-46FB-AF3E-E1E8FC290103}.CD_ROM|Default.ActiveCfg = CD_ROM
		{2B05F0E9-80B7-46FB-AF3E-E1E8FC290103}.CD_ROM|Default.Build.0 = CD_ROM
		{2B05F0E9-80B7-46FB-AF3E-E1E8FC290103}.Custom|Default.ActiveCfg = Custom
		{2B05F0E9-80B7-46FB-AF3E-E1E8FC290103}.Custom|Default.Build.0 = Custom
		{2B05F0E9-80B7-46FB-AF3E-E1E8FC290103}.DVD-10|Default.ActiveCfg = DVD-10
		{2B05F0E9-80B7-46FB-AF3E-E1E8FC290103}.DVD-10|Default.Build.0 = DVD-10
		{2B05F0E9-80B7-46FB-AF3E-E1E8FC290103}.DVD-18|Default.ActiveCfg = DVD-18
		{2B05F0E9-80B7-46FB-AF3E-E1E8FC290103}.DVD-18|Default.Build.0 = DVD-18
		{2B05F0E9-80B7-46FB-AF3E-E1E8FC290103}.DVD-5|Default.ActiveCfg = DVD-5
		{2B05F0E9-80B7-46FB-AF3E-E1E8FC290103}.DVD-5|Default.Build.0 = DVD-5
		{2B05F0E9-80B7-46FB-AF3E-E1E8FC290103}.DVD-9|Default.ActiveCfg = DVD-9
		{2B05F0E9-80B7-46FB-AF3E-E1E8FC290103}.DVD-9|Default.Build.0 = DVD-9
		{2B05F0E9-80B7-46FB-AF3E-E1E8FC290103}.SingleImage|Default.ActiveCfg = SingleImage
		{2B05F0E9-80B7-46FB-AF3E-E1E8FC290103}.SingleImage|Default.Build.0 = SingleImage
		{2B05F0E9-80B7-46FB-AF3E-E1E8FC290103}.WebDeployment|Default.ActiveCfg = WebDeployment
		{2B05F0E9-80B7-46FB-AF3E-E1E8FC290103}.WebDeployment|Default.Build.0 = WebDeployment
	EndGlobalSection
	GlobalSection(SolutionProperties) = preSolution
		HideSolutionNode = FALSE
	EndGlobalSection
	GlobalSection(ExtensibilityGlobals) = postSolution
		SolutionGuid = {E8AEA727-C8C8-4306-A957-A9B4A7335D58}
	EndGlobalSection
EndGlobal
